{
    "_readme": [
        "This file locks the dependencies of your project to a known state",
        "Read more about it at http://getcomposer.org/doc/01-basic-usage.md#composer-lock-the-lock-file"
    ],
    "hash": "295d66f6d2c0f8ea01fc13eee2b4bfe7",
    "packages": [
        {
            "name": "hipchat/hipchat-php",
            "version": "dev-master",
            "source": {
                "type": "git",
                "url": "https://github.com/hipchat/hipchat-php.git",
                "reference": "f928cc4f2bea0ac5f9367e5a2790d4be082a5d6a"
            },
            "dist": {
                "type": "zip",
                "url": "https://api.github.com/repos/hipchat/hipchat-php/zipball/f928cc4f2bea0ac5f9367e5a2790d4be082a5d6a",
                "reference": "f928cc4f2bea0ac5f9367e5a2790d4be082a5d6a",
                "shasum": ""
            },
            "require": {
                "php": ">=5.3.0"
            },
            "type": "library",
            "autoload": {
                "psr-0": {
                    "HipChat": "src"
                }
            },
            "notification-url": "https://packagist.org/downloads/",
            "license": [
                "MIT"
            ],
            "authors": [
                {
                    "name": "HipChat",
                    "email": "support@hipchat.com",
                    "homepage": "https://www.hipchat.com",
                    "role": "Company"
                }
            ],
            "description": "PHP library for HipChat",
            "homepage": "http://github.com/hipchat/hipchat-php",
            "keywords": [
                "hipchat"
            ],
            "time": "2014-06-02 17:03:35"
        }
    ],
    "packages-dev": [],
    "aliases": [],
    "minimum-stability": "stable",
    "stability-flags": {
        "hipchat/hipchat-php": 20
    },
    "platform": {
        "php": ">=5.3.3"
    },
    "platform-dev": []
}
